
Microsoft Visual Studio Solution File, Format Version 12.00
# Visual Studio Version 16
VisualStudioVersion = 16.0.32228.343
MinimumVisualStudioVersion = 10.0.40219.1
Project("{9A19103F-16F7-4668-BE54-9A1E7A4F7556}") = "RepasoSabadosTestUnitariosYexcepciones", "RepasoSabadosTestUnitariosYexcepciones\RepasoSabadosTestUnitariosYexcepciones.csproj", "{E0D5889B-562D-4F4D-9185-CDBB89AE7628}"
EndProject
Project("{FAE04EC0-301F-11D3-BF4B-00C04F79EFBC}") = "UnityTest_Universidad", "UnityTest_Universidad\UnityTest_Universidad.csproj", "{029E3D9B-329F-486A-8A01-3580F3CA0127}"
EndProject
Global
	GlobalSection(SolutionConfigurationPlatforms) = preSolution
		Debug|Any CPU = Debug|Any CPU
		Release|Any CPU = Release|Any CPU
	EndGlobalSection
	GlobalSection(ProjectConfigurationPlatforms) = postSolution
		{E0D5889B-562D-4F4D-9185-CDBB89AE7628}.Debug|Any CPU.ActiveCfg = Debug|Any CPU
		{E0D5889B-562D-4F4D-9185-CDBB89AE7628}.Debug|Any CPU.Build.0 = Debug|Any CPU
		{E0D5889B-562D-4F4D-9185-CDBB89AE7628}.Release|Any CPU.ActiveCfg = Release|Any CPU
		{E0D5889B-562D-4F4D-9185-CDBB89AE7628}.Release|Any CPU.Build.0 = Release|Any CPU
		{029E3D9B-329F-486A-8A01-3580F3CA0127}.Debug|Any CPU.ActiveCfg = Debug|Any CPU
		{029E3D9B-329F-486A-8A01-3580F3CA0127}.Debug|Any CPU.Build.0 = Debug|Any CPU
		{029E3D9B-329F-486A-8A01-3580F3CA0127}.Release|Any CPU.ActiveCfg = Release|Any CPU
		{029E3D9B-329F-486A-8A01-3580F3CA0127}.Release|Any CPU.Build.0 = Release|Any CPU
	EndGlobalSection
	GlobalSection(SolutionProperties) = preSolution
		HideSolutionNode = FALSE
	EndGlobalSection
	GlobalSection(ExtensibilityGlobals) = postSolution
		SolutionGuid = {E26E254F-B81A-4FC2-A960-5AA4A81891C4}
	EndGlobalSection
EndGlobal
