
Microsoft Visual Studio Solution File, Format Version 12.00
# Visual Studio Version 17
VisualStudioVersion = 17.0.32112.339
MinimumVisualStudioVersion = 10.0.40219.1
Project("{FAE04EC0-301F-11D3-BF4B-00C04F79EFBC}") = "RepasoVeranoEjercicio3", "RepasoVeranoEjercicio3\RepasoVeranoEjercicio3.csproj", "{787C8242-20DF-4DCB-9499-C4040A2FC53F}"
EndProject
Global
	GlobalSection(SolutionConfigurationPlatforms) = preSolution
		Debug|Any CPU = Debug|Any CPU
		Release|Any CPU = Release|Any CPU
	EndGlobalSection
	GlobalSection(ProjectConfigurationPlatforms) = postSolution
		{787C8242-20DF-4DCB-9499-C4040A2FC53F}.Debug|Any CPU.ActiveCfg = Debug|Any CPU
		{787C8242-20DF-4DCB-9499-C4040A2FC53F}.Debug|Any CPU.Build.0 = Debug|Any CPU
		{787C8242-20DF-4DCB-9499-C4040A2FC53F}.Release|Any CPU.ActiveCfg = Release|Any CPU
		{787C8242-20DF-4DCB-9499-C4040A2FC53F}.Release|Any CPU.Build.0 = Release|Any CPU
	EndGlobalSection
	GlobalSection(SolutionProperties) = preSolution
		HideSolutionNode = FALSE
	EndGlobalSection
	GlobalSection(ExtensibilityGlobals) = postSolution
		SolutionGuid = {487132A4-DC75-4B01-9713-D087251DC92C}
	EndGlobalSection
EndGlobal
