
Microsoft Visual Studio Solution File, Format Version 12.00
# Visual Studio Version 17
VisualStudioVersion = 17.0.32112.339
MinimumVisualStudioVersion = 10.0.40219.1
Project("{FAE04EC0-301F-11D3-BF4B-00C04F79EFBC}") = "RepasoVeranoEjercicio2", "RepasoVeranoEjercicio2\RepasoVeranoEjercicio2.csproj", "{A7DC8B71-D399-4697-8184-C03ECBBDCA56}"
EndProject
Global
	GlobalSection(SolutionConfigurationPlatforms) = preSolution
		Debug|Any CPU = Debug|Any CPU
		Release|Any CPU = Release|Any CPU
	EndGlobalSection
	GlobalSection(ProjectConfigurationPlatforms) = postSolution
		{A7DC8B71-D399-4697-8184-C03ECBBDCA56}.Debug|Any CPU.ActiveCfg = Debug|Any CPU
		{A7DC8B71-D399-4697-8184-C03ECBBDCA56}.Debug|Any CPU.Build.0 = Debug|Any CPU
		{A7DC8B71-D399-4697-8184-C03ECBBDCA56}.Release|Any CPU.ActiveCfg = Release|Any CPU
		{A7DC8B71-D399-4697-8184-C03ECBBDCA56}.Release|Any CPU.Build.0 = Release|Any CPU
	EndGlobalSection
	GlobalSection(SolutionProperties) = preSolution
		HideSolutionNode = FALSE
	EndGlobalSection
	GlobalSection(ExtensibilityGlobals) = postSolution
		SolutionGuid = {381F91F0-5771-44E2-8909-BE2E38E7B9F6}
	EndGlobalSection
EndGlobal
