
Microsoft Visual Studio Solution File, Format Version 12.00
# Visual Studio Version 17
VisualStudioVersion = 17.0.32112.339
MinimumVisualStudioVersion = 10.0.40219.1
Project("{FAE04EC0-301F-11D3-BF4B-00C04F79EFBC}") = "Ejercicio38RepasoVerano", "Ejercicio38RepasoVerano\Ejercicio38RepasoVerano.csproj", "{9D272EC1-087B-4843-B6BA-1143D9C7DA2C}"
EndProject
Project("{FAE04EC0-301F-11D3-BF4B-00C04F79EFBC}") = "Sobreescrito", "Sobreescrito\Sobreescrito.csproj", "{A7C92C5A-C0FD-46FE-B25A-45FB7224BF05}"
EndProject
Global
	GlobalSection(SolutionConfigurationPlatforms) = preSolution
		Debug|Any CPU = Debug|Any CPU
		Release|Any CPU = Release|Any CPU
	EndGlobalSection
	GlobalSection(ProjectConfigurationPlatforms) = postSolution
		{9D272EC1-087B-4843-B6BA-1143D9C7DA2C}.Debug|Any CPU.ActiveCfg = Debug|Any CPU
		{9D272EC1-087B-4843-B6BA-1143D9C7DA2C}.Debug|Any CPU.Build.0 = Debug|Any CPU
		{9D272EC1-087B-4843-B6BA-1143D9C7DA2C}.Release|Any CPU.ActiveCfg = Release|Any CPU
		{9D272EC1-087B-4843-B6BA-1143D9C7DA2C}.Release|Any CPU.Build.0 = Release|Any CPU
		{A7C92C5A-C0FD-46FE-B25A-45FB7224BF05}.Debug|Any CPU.ActiveCfg = Debug|Any CPU
		{A7C92C5A-C0FD-46FE-B25A-45FB7224BF05}.Debug|Any CPU.Build.0 = Debug|Any CPU
		{A7C92C5A-C0FD-46FE-B25A-45FB7224BF05}.Release|Any CPU.ActiveCfg = Release|Any CPU
		{A7C92C5A-C0FD-46FE-B25A-45FB7224BF05}.Release|Any CPU.Build.0 = Release|Any CPU
	EndGlobalSection
	GlobalSection(SolutionProperties) = preSolution
		HideSolutionNode = FALSE
	EndGlobalSection
	GlobalSection(ExtensibilityGlobals) = postSolution
		SolutionGuid = {360CF185-76B8-4406-B02F-3434EC825C94}
	EndGlobalSection
EndGlobal
