
Microsoft Visual Studio Solution File, Format Version 12.00
# Visual Studio Version 17
VisualStudioVersion = 17.0.32112.339
MinimumVisualStudioVersion = 10.0.40219.1
Project("{FAE04EC0-301F-11D3-BF4B-00C04F79EFBC}") = "EjemploCreacionObjetosClase3", "EjemploCreacionObjetosClase3\EjemploCreacionObjetosClase3.csproj", "{35A50985-BEA4-42EA-893F-D3D23F19344F}"
EndProject
Global
	GlobalSection(SolutionConfigurationPlatforms) = preSolution
		Debug|Any CPU = Debug|Any CPU
		Release|Any CPU = Release|Any CPU
	EndGlobalSection
	GlobalSection(ProjectConfigurationPlatforms) = postSolution
		{35A50985-BEA4-42EA-893F-D3D23F19344F}.Debug|Any CPU.ActiveCfg = Debug|Any CPU
		{35A50985-BEA4-42EA-893F-D3D23F19344F}.Debug|Any CPU.Build.0 = Debug|Any CPU
		{35A50985-BEA4-42EA-893F-D3D23F19344F}.Release|Any CPU.ActiveCfg = Release|Any CPU
		{35A50985-BEA4-42EA-893F-D3D23F19344F}.Release|Any CPU.Build.0 = Release|Any CPU
	EndGlobalSection
	GlobalSection(SolutionProperties) = preSolution
		HideSolutionNode = FALSE
	EndGlobalSection
	GlobalSection(ExtensibilityGlobals) = postSolution
		SolutionGuid = {4FB59C2D-03D4-4053-8BB0-CAF9CA0F560E}
	EndGlobalSection
EndGlobal
