
Microsoft Visual Studio Solution File, Format Version 12.00
# Visual Studio Version 17
VisualStudioVersion = 17.0.32112.339
MinimumVisualStudioVersion = 10.0.40219.1
Project("{FAE04EC0-301F-11D3-BF4B-00C04F79EFBC}") = "RepasoVeranoEjercicio30", "RepasoVeranoEjercicio30\RepasoVeranoEjercicio30.csproj", "{52C6688C-FCB9-4CF4-99A6-847EEEFC5B80}"
EndProject
Project("{FAE04EC0-301F-11D3-BF4B-00C04F79EFBC}") = "Entidadess", "Entidadess\Entidadess.csproj", "{5431B115-15FA-41D5-BB00-40FB2DAD7DB3}"
EndProject
Global
	GlobalSection(SolutionConfigurationPlatforms) = preSolution
		Debug|Any CPU = Debug|Any CPU
		Release|Any CPU = Release|Any CPU
	EndGlobalSection
	GlobalSection(ProjectConfigurationPlatforms) = postSolution
		{52C6688C-FCB9-4CF4-99A6-847EEEFC5B80}.Debug|Any CPU.ActiveCfg = Debug|Any CPU
		{52C6688C-FCB9-4CF4-99A6-847EEEFC5B80}.Debug|Any CPU.Build.0 = Debug|Any CPU
		{52C6688C-FCB9-4CF4-99A6-847EEEFC5B80}.Release|Any CPU.ActiveCfg = Release|Any CPU
		{52C6688C-FCB9-4CF4-99A6-847EEEFC5B80}.Release|Any CPU.Build.0 = Release|Any CPU
		{5431B115-15FA-41D5-BB00-40FB2DAD7DB3}.Debug|Any CPU.ActiveCfg = Debug|Any CPU
		{5431B115-15FA-41D5-BB00-40FB2DAD7DB3}.Debug|Any CPU.Build.0 = Debug|Any CPU
		{5431B115-15FA-41D5-BB00-40FB2DAD7DB3}.Release|Any CPU.ActiveCfg = Release|Any CPU
		{5431B115-15FA-41D5-BB00-40FB2DAD7DB3}.Release|Any CPU.Build.0 = Release|Any CPU
	EndGlobalSection
	GlobalSection(SolutionProperties) = preSolution
		HideSolutionNode = FALSE
	EndGlobalSection
	GlobalSection(ExtensibilityGlobals) = postSolution
		SolutionGuid = {5A72DFA7-17B4-4A24-A23A-F7F02378D191}
	EndGlobalSection
EndGlobal
