
Microsoft Visual Studio Solution File, Format Version 12.00
# Visual Studio Version 17
VisualStudioVersion = 17.0.32112.339
MinimumVisualStudioVersion = 10.0.40219.1
Project("{FAE04EC0-301F-11D3-BF4B-00C04F79EFBC}") = "RepasoVeranoEjercicio27", "RepasoVeranoEjercicio27\RepasoVeranoEjercicio27.csproj", "{156BF066-6A96-4D34-BAC7-F27DE7F48148}"
EndProject
Global
	GlobalSection(SolutionConfigurationPlatforms) = preSolution
		Debug|Any CPU = Debug|Any CPU
		Release|Any CPU = Release|Any CPU
	EndGlobalSection
	GlobalSection(ProjectConfigurationPlatforms) = postSolution
		{156BF066-6A96-4D34-BAC7-F27DE7F48148}.Debug|Any CPU.ActiveCfg = Debug|Any CPU
		{156BF066-6A96-4D34-BAC7-F27DE7F48148}.Debug|Any CPU.Build.0 = Debug|Any CPU
		{156BF066-6A96-4D34-BAC7-F27DE7F48148}.Release|Any CPU.ActiveCfg = Release|Any CPU
		{156BF066-6A96-4D34-BAC7-F27DE7F48148}.Release|Any CPU.Build.0 = Release|Any CPU
	EndGlobalSection
	GlobalSection(SolutionProperties) = preSolution
		HideSolutionNode = FALSE
	EndGlobalSection
	GlobalSection(ExtensibilityGlobals) = postSolution
		SolutionGuid = {2C8BDEAF-C613-4E33-B885-F80501861C2F}
	EndGlobalSection
EndGlobal
