
Microsoft Visual Studio Solution File, Format Version 12.00
# Visual Studio Version 17
VisualStudioVersion = 17.0.32112.339
MinimumVisualStudioVersion = 10.0.40219.1
Project("{FAE04EC0-301F-11D3-BF4B-00C04F79EFBC}") = "Ejercicio40RepasoVeranoCentralitaConForms2.0", "Ejercicio40RepasoVeranoCentralitaConForms2.0\Ejercicio40RepasoVeranoCentralitaConForms2.0.csproj", "{3053F692-9C9A-4295-A5B4-0308E823FABD}"
EndProject
Project("{FAE04EC0-301F-11D3-BF4B-00C04F79EFBC}") = "CentralitaHerencia", "CentralitaHerencia\CentralitaHerencia.csproj", "{426670D9-37A3-4870-B674-5738235AF531}"
EndProject
Global
	GlobalSection(SolutionConfigurationPlatforms) = preSolution
		Debug|Any CPU = Debug|Any CPU
		Release|Any CPU = Release|Any CPU
	EndGlobalSection
	GlobalSection(ProjectConfigurationPlatforms) = postSolution
		{3053F692-9C9A-4295-A5B4-0308E823FABD}.Debug|Any CPU.ActiveCfg = Debug|Any CPU
		{3053F692-9C9A-4295-A5B4-0308E823FABD}.Debug|Any CPU.Build.0 = Debug|Any CPU
		{3053F692-9C9A-4295-A5B4-0308E823FABD}.Release|Any CPU.ActiveCfg = Release|Any CPU
		{3053F692-9C9A-4295-A5B4-0308E823FABD}.Release|Any CPU.Build.0 = Release|Any CPU
		{426670D9-37A3-4870-B674-5738235AF531}.Debug|Any CPU.ActiveCfg = Debug|Any CPU
		{426670D9-37A3-4870-B674-5738235AF531}.Debug|Any CPU.Build.0 = Debug|Any CPU
		{426670D9-37A3-4870-B674-5738235AF531}.Release|Any CPU.ActiveCfg = Release|Any CPU
		{426670D9-37A3-4870-B674-5738235AF531}.Release|Any CPU.Build.0 = Release|Any CPU
	EndGlobalSection
	GlobalSection(SolutionProperties) = preSolution
		HideSolutionNode = FALSE
	EndGlobalSection
	GlobalSection(ExtensibilityGlobals) = postSolution
		SolutionGuid = {A138D8D2-34F3-4248-B612-B3C46B321DE4}
	EndGlobalSection
EndGlobal
