
Microsoft Visual Studio Solution File, Format Version 12.00
# Visual Studio Version 17
VisualStudioVersion = 17.0.32112.339
MinimumVisualStudioVersion = 10.0.40219.1
Project("{FAE04EC0-301F-11D3-BF4B-00C04F79EFBC}") = "RepasoVeranoEjercicio20", "RepasoVeranoEjercicio20\RepasoVeranoEjercicio20.csproj", "{FE894A79-3DA3-42CE-AF0F-00A770B7F476}"
EndProject
Project("{FAE04EC0-301F-11D3-BF4B-00C04F79EFBC}") = "Entidades", "Entidades\Entidades.csproj", "{B3D75E23-2F7A-4658-8933-B88B94A954F6}"
EndProject
Global
	GlobalSection(SolutionConfigurationPlatforms) = preSolution
		Debug|Any CPU = Debug|Any CPU
		Release|Any CPU = Release|Any CPU
	EndGlobalSection
	GlobalSection(ProjectConfigurationPlatforms) = postSolution
		{FE894A79-3DA3-42CE-AF0F-00A770B7F476}.Debug|Any CPU.ActiveCfg = Debug|Any CPU
		{FE894A79-3DA3-42CE-AF0F-00A770B7F476}.Debug|Any CPU.Build.0 = Debug|Any CPU
		{FE894A79-3DA3-42CE-AF0F-00A770B7F476}.Release|Any CPU.ActiveCfg = Release|Any CPU
		{FE894A79-3DA3-42CE-AF0F-00A770B7F476}.Release|Any CPU.Build.0 = Release|Any CPU
		{B3D75E23-2F7A-4658-8933-B88B94A954F6}.Debug|Any CPU.ActiveCfg = Debug|Any CPU
		{B3D75E23-2F7A-4658-8933-B88B94A954F6}.Debug|Any CPU.Build.0 = Debug|Any CPU
		{B3D75E23-2F7A-4658-8933-B88B94A954F6}.Release|Any CPU.ActiveCfg = Release|Any CPU
		{B3D75E23-2F7A-4658-8933-B88B94A954F6}.Release|Any CPU.Build.0 = Release|Any CPU
	EndGlobalSection
	GlobalSection(SolutionProperties) = preSolution
		HideSolutionNode = FALSE
	EndGlobalSection
	GlobalSection(ExtensibilityGlobals) = postSolution
		SolutionGuid = {DEBC856F-EC70-4D90-B046-9B0866A3520E}
	EndGlobalSection
EndGlobal
