
Microsoft Visual Studio Solution File, Format Version 12.00
# Visual Studio Version 17
VisualStudioVersion = 17.0.32112.339
MinimumVisualStudioVersion = 10.0.40219.1
Project("{FAE04EC0-301F-11D3-BF4B-00C04F79EFBC}") = "Ejercicio37RepasoVerano", "Ejercicio37RepasoVerano\Ejercicio37RepasoVerano.csproj", "{18FCBCED-38CF-4FBD-B701-73F9D67CEF4F}"
EndProject
Project("{FAE04EC0-301F-11D3-BF4B-00C04F79EFBC}") = "CentralitaHerencia", "CentralitaHerencia\CentralitaHerencia.csproj", "{9B54A74F-CF67-4BB6-86D5-9EFF212D0F59}"
EndProject
Global
	GlobalSection(SolutionConfigurationPlatforms) = preSolution
		Debug|Any CPU = Debug|Any CPU
		Release|Any CPU = Release|Any CPU
	EndGlobalSection
	GlobalSection(ProjectConfigurationPlatforms) = postSolution
		{18FCBCED-38CF-4FBD-B701-73F9D67CEF4F}.Debug|Any CPU.ActiveCfg = Debug|Any CPU
		{18FCBCED-38CF-4FBD-B701-73F9D67CEF4F}.Debug|Any CPU.Build.0 = Debug|Any CPU
		{18FCBCED-38CF-4FBD-B701-73F9D67CEF4F}.Release|Any CPU.ActiveCfg = Release|Any CPU
		{18FCBCED-38CF-4FBD-B701-73F9D67CEF4F}.Release|Any CPU.Build.0 = Release|Any CPU
		{9B54A74F-CF67-4BB6-86D5-9EFF212D0F59}.Debug|Any CPU.ActiveCfg = Debug|Any CPU
		{9B54A74F-CF67-4BB6-86D5-9EFF212D0F59}.Debug|Any CPU.Build.0 = Debug|Any CPU
		{9B54A74F-CF67-4BB6-86D5-9EFF212D0F59}.Release|Any CPU.ActiveCfg = Release|Any CPU
		{9B54A74F-CF67-4BB6-86D5-9EFF212D0F59}.Release|Any CPU.Build.0 = Release|Any CPU
	EndGlobalSection
	GlobalSection(SolutionProperties) = preSolution
		HideSolutionNode = FALSE
	EndGlobalSection
	GlobalSection(ExtensibilityGlobals) = postSolution
		SolutionGuid = {61191B81-CC27-47E1-B333-05FE22D0FFBA}
	EndGlobalSection
EndGlobal
