
Microsoft Visual Studio Solution File, Format Version 12.00
# Visual Studio Version 17
VisualStudioVersion = 17.0.32112.339
MinimumVisualStudioVersion = 10.0.40219.1
Project("{FAE04EC0-301F-11D3-BF4B-00C04F79EFBC}") = "Ejercicio39RepasoVerano", "Ejercicio39RepasoVerano\Ejercicio39RepasoVerano.csproj", "{16EEDAC1-FC37-4385-9B4C-BD8FC02CB435}"
EndProject
Project("{FAE04EC0-301F-11D3-BF4B-00C04F79EFBC}") = "Sobreescrito", "Sobreescrito\Sobreescrito.csproj", "{1A9DCD95-762F-4D60-912F-16AA064E909C}"
EndProject
Global
	GlobalSection(SolutionConfigurationPlatforms) = preSolution
		Debug|Any CPU = Debug|Any CPU
		Release|Any CPU = Release|Any CPU
	EndGlobalSection
	GlobalSection(ProjectConfigurationPlatforms) = postSolution
		{16EEDAC1-FC37-4385-9B4C-BD8FC02CB435}.Debug|Any CPU.ActiveCfg = Debug|Any CPU
		{16EEDAC1-FC37-4385-9B4C-BD8FC02CB435}.Debug|Any CPU.Build.0 = Debug|Any CPU
		{16EEDAC1-FC37-4385-9B4C-BD8FC02CB435}.Release|Any CPU.ActiveCfg = Release|Any CPU
		{16EEDAC1-FC37-4385-9B4C-BD8FC02CB435}.Release|Any CPU.Build.0 = Release|Any CPU
		{1A9DCD95-762F-4D60-912F-16AA064E909C}.Debug|Any CPU.ActiveCfg = Debug|Any CPU
		{1A9DCD95-762F-4D60-912F-16AA064E909C}.Debug|Any CPU.Build.0 = Debug|Any CPU
		{1A9DCD95-762F-4D60-912F-16AA064E909C}.Release|Any CPU.ActiveCfg = Release|Any CPU
		{1A9DCD95-762F-4D60-912F-16AA064E909C}.Release|Any CPU.Build.0 = Release|Any CPU
	EndGlobalSection
	GlobalSection(SolutionProperties) = preSolution
		HideSolutionNode = FALSE
	EndGlobalSection
	GlobalSection(ExtensibilityGlobals) = postSolution
		SolutionGuid = {1AF84DBE-20A7-401D-BCB6-9B9399448370}
	EndGlobalSection
EndGlobal
