
Microsoft Visual Studio Solution File, Format Version 12.00
# Visual Studio Version 17
VisualStudioVersion = 17.0.32112.339
MinimumVisualStudioVersion = 10.0.40219.1
Project("{FAE04EC0-301F-11D3-BF4B-00C04F79EFBC}") = "RepasoVeranoEjercicio21", "RepasoVeranoEjercicio21\RepasoVeranoEjercicio21.csproj", "{0164BBC6-6DDE-4FB8-B371-97EABBBAC88D}"
EndProject
Project("{FAE04EC0-301F-11D3-BF4B-00C04F79EFBC}") = "MedidoresTemperatura", "MedidoresTemperatura\MedidoresTemperatura.csproj", "{6B36D3D5-EC76-4003-A479-5BD0607A132E}"
EndProject
Global
	GlobalSection(SolutionConfigurationPlatforms) = preSolution
		Debug|Any CPU = Debug|Any CPU
		Release|Any CPU = Release|Any CPU
	EndGlobalSection
	GlobalSection(ProjectConfigurationPlatforms) = postSolution
		{0164BBC6-6DDE-4FB8-B371-97EABBBAC88D}.Debug|Any CPU.ActiveCfg = Debug|Any CPU
		{0164BBC6-6DDE-4FB8-B371-97EABBBAC88D}.Debug|Any CPU.Build.0 = Debug|Any CPU
		{0164BBC6-6DDE-4FB8-B371-97EABBBAC88D}.Release|Any CPU.ActiveCfg = Release|Any CPU
		{0164BBC6-6DDE-4FB8-B371-97EABBBAC88D}.Release|Any CPU.Build.0 = Release|Any CPU
		{6B36D3D5-EC76-4003-A479-5BD0607A132E}.Debug|Any CPU.ActiveCfg = Debug|Any CPU
		{6B36D3D5-EC76-4003-A479-5BD0607A132E}.Debug|Any CPU.Build.0 = Debug|Any CPU
		{6B36D3D5-EC76-4003-A479-5BD0607A132E}.Release|Any CPU.ActiveCfg = Release|Any CPU
		{6B36D3D5-EC76-4003-A479-5BD0607A132E}.Release|Any CPU.Build.0 = Release|Any CPU
	EndGlobalSection
	GlobalSection(SolutionProperties) = preSolution
		HideSolutionNode = FALSE
	EndGlobalSection
	GlobalSection(ExtensibilityGlobals) = postSolution
		SolutionGuid = {5CC843BD-D8CC-45BA-9281-980D02724827}
	EndGlobalSection
EndGlobal
